<?xml version="1.0" encoding="utf-8"?>
<Project ToolsVersion="4.0" xmlns="http://schemas.microsoft.com/developer/msbuild/2003">
  <ItemGroup>
    <ClCompile Include="FramerateManager.cpp" />
    <ClCompile Include="InputManager.cpp" />
    <ClCompile Include="Main.cpp" />
    <ClCompile Include="ResourceManager.cpp" />
    <ClCompile Include="GameObjectManager.cpp" />
    <ClCompile Include="GameObject.cpp" />
    <ClCompile Include="GameStateManager.cpp" />
    <ClCompile Include="ObjectFactory.cpp" />
    <ClCompile Include="ShaderProgram.cpp" />
    <ClCompile Include="PhysicsManager.cpp" />
    <ClCompile Include="CollisionManager.cpp" />
    <ClCompile Include="EventManager.cpp" />
    <ClCompile Include="Events\DelayMove.cpp">
      <Filter>Events</Filter>
    </ClCompile>
    <ClCompile Include="Events\OnCollision.cpp">
      <Filter>Events</Filter>
    </ClCompile>
    <ClCompile Include="Utilities\JsonHandle.cpp">
      <Filter>Utilities</Filter>
    </ClCompile>
    <ClCompile Include="Library\glad.cpp">
      <Filter>Library</Filter>
    </ClCompile>
    <ClCompile Include="RenderManager.cpp" />
    <ClCompile Include="Components\RigidBody.cpp">
      <Filter>Components</Filter>
    </ClCompile>
    <ClCompile Include="Components\Sprite.cpp">
      <Filter>Components</Filter>
    </ClCompile>
    <ClCompile Include="Components\Transform.cpp">
      <Filter>Components</Filter>
    </ClCompile>
    <ClCompile Include="Components\Model.cpp">
      <Filter>Components</Filter>
    </ClCompile>
    <ClCompile Include="Components\Collider.cpp">
      <Filter>Components</Filter>
    </ClCompile>
    <ClCompile Include="Components\Controller.cpp">
      <Filter>Components</Filter>
    </ClCompile>
    <ClCompile Include="Components\ResetPlayer.cpp">
      <Filter>Components</Filter>
    </ClCompile>
    <ClCompile Include="ObjectModel.cpp" />
    <ClCompile Include="Utilities\Matrix4.cpp">
      <Filter>Utilities</Filter>
    </ClCompile>
    <ClCompile Include="Components\Camera.cpp">
      <Filter>Components</Filter>
    </ClCompile>
    <ClCompile Include="Material.cpp" />
    <ClCompile Include="Events\ToggleAttack.cpp">
      <Filter>Events</Filter>
    </ClCompile>
    <ClCompile Include="Components\Follow.cpp">
      <Filter>Components</Filter>
    </ClCompile>
    <ClCompile Include="Components\EnemyAI.cpp">
      <Filter>Components</Filter>
    </ClCompile>
    <ClCompile Include="Utilities\Shape.cpp">
      <Filter>Utilities</Filter>
    </ClCompile>
    <ClCompile Include="Utilities\Vector2D.cpp">
      <Filter>Utilities</Filter>
    </ClCompile>
    <ClCompile Include="Components\HealthBar.cpp">
      <Filter>Components</Filter>
    </ClCompile>
    <ClCompile Include="Events\PlayerHit.cpp">
      <Filter>Events</Filter>
    </ClCompile>
    <ClCompile Include="Components\NotmalAtk.cpp">
      <Filter>Components</Filter>
    </ClCompile>
    <ClCompile Include="Components\BossAI.cpp">
      <Filter>Components</Filter>
    </ClCompile>
    <ClCompile Include="Events\GameOver.cpp">
      <Filter>Events</Filter>
    </ClCompile>
    <ClCompile Include="Components\Projectile.cpp">
      <Filter>Components</Filter>
    </ClCompile>
    <ClCompile Include="Components\Light.cpp">
      <Filter>Components</Filter>
    </ClCompile>
    <ClCompile Include="Events\EnemyHit.cpp">
      <Filter>Events</Filter>
    </ClCompile>
    <ClCompile Include="Components\Portal.cpp">
      <Filter>Components</Filter>
    </ClCompile>
    <ClCompile Include="Components\SpecialAtk.cpp">
      <Filter>Components</Filter>
    </ClCompile>
    <ClCompile Include="Components\SlideShow.cpp">
      <Filter>Components</Filter>
    </ClCompile>
    <ClCompile Include="Events\SlideControl.cpp">
      <Filter>Events</Filter>
    </ClCompile>
  </ItemGroup>
  <ItemGroup>
    <ClInclude Include="FramerateManager.h" />
    <ClInclude Include="InputManager.h" />
    <ClInclude Include="ResourceManager.h" />
    <ClInclude Include="GameObjectManager.h" />
    <ClInclude Include="GameObject.h" />
    <ClInclude Include="Utilities\BinaryTree.h">
      <Filter>Utilities</Filter>
    </ClInclude>
    <ClInclude Include="Utilities\BinaryNode.h">
      <Filter>Utilities</Filter>
    </ClInclude>
    <ClInclude Include="GameStateManager.h" />
    <ClInclude Include="Utilities\Base.h">
      <Filter>Utilities</Filter>
    </ClInclude>
    <ClInclude Include="ObjectFactory.h" />
    <ClInclude Include="ShaderProgram.h" />
    <ClInclude Include="PhysicsManager.h" />
    <ClInclude Include="CollisionManager.h" />
    <ClInclude Include="EventManager.h" />
    <ClInclude Include="Events\DelayMove.h">
      <Filter>Events</Filter>
    </ClInclude>
    <ClInclude Include="Events\Event.h">
      <Filter>Events</Filter>
    </ClInclude>
    <ClInclude Include="Events\OnCollision.h">
      <Filter>Events</Filter>
    </ClInclude>
    <ClInclude Include="Utilities\JsonHandle.h">
      <Filter>Utilities</Filter>
    </ClInclude>
    <ClInclude Include="RenderManager.h" />
    <ClInclude Include="Components\ResetPlayer.h">
      <Filter>Components</Filter>
    </ClInclude>
    <ClInclude Include="Components\RigidBody.h">
      <Filter>Components</Filter>
    </ClInclude>
    <ClInclude Include="Components\Sprite.h">
      <Filter>Components</Filter>
    </ClInclude>
    <ClInclude Include="Components\Transform.h">
      <Filter>Components</Filter>
    </ClInclude>
    <ClInclude Include="Components\Model.h">
      <Filter>Components</Filter>
    </ClInclude>
    <ClInclude Include="Components\Base.h">
      <Filter>Components</Filter>
    </ClInclude>
    <ClInclude Include="Components\Collider.h">
      <Filter>Components</Filter>
    </ClInclude>
    <ClInclude Include="Components\Component.h">
      <Filter>Components</Filter>
    </ClInclude>
    <ClInclude Include="Components\Controller.h">
      <Filter>Components</Filter>
    </ClInclude>
    <ClInclude Include="ObjectModel.h" />
    <ClInclude Include="Utilities\Matrix4.h">
      <Filter>Utilities</Filter>
    </ClInclude>
    <ClInclude Include="Components\Camera.h">
      <Filter>Components</Filter>
    </ClInclude>
    <ClInclude Include="Material.h" />
    <ClInclude Include="Events\ToggleAttack.h">
      <Filter>Events</Filter>
    </ClInclude>
    <ClInclude Include="Components\Follow.h">
      <Filter>Components</Filter>
    </ClInclude>
    <ClInclude Include="Components\EnemyAI.h">
      <Filter>Components</Filter>
    </ClInclude>
    <ClInclude Include="Utilities\Shape.h">
      <Filter>Utilities</Filter>
    </ClInclude>
    <ClInclude Include="Utilities\Vector2D.h">
      <Filter>Utilities</Filter>
    </ClInclude>
    <ClInclude Include="Components\HealthBar.h">
      <Filter>Components</Filter>
    </ClInclude>
    <ClInclude Include="Events\PlayerHit.h">
      <Filter>Events</Filter>
    </ClInclude>
    <ClInclude Include="Components\NormalAtk.h">
      <Filter>Components</Filter>
    </ClInclude>
    <ClInclude Include="Components\BossAI.h">
      <Filter>Components</Filter>
    </ClInclude>
    <ClInclude Include="Events\GameOver.h">
      <Filter>Events</Filter>
    </ClInclude>
    <ClInclude Include="Components\Projectile.h">
      <Filter>Components</Filter>
    </ClInclude>
    <ClInclude Include="Components\Light.h">
      <Filter>Components</Filter>
    </ClInclude>
    <ClInclude Include="Events\EnemyHit.h">
      <Filter>Events</Filter>
    </ClInclude>
    <ClInclude Include="Components\Portal.h">
      <Filter>Components</Filter>
    </ClInclude>
    <ClInclude Include="Components\SpecialAtk.h">
      <Filter>Components</Filter>
    </ClInclude>
    <ClInclude Include="Components\SlideShow.h">
      <Filter>Components</Filter>
    </ClInclude>
    <ClInclude Include="Events\SlideControl.h">
      <Filter>Events</Filter>
    </ClInclude>
  </ItemGroup>
  <ItemGroup>
    <Filter Include="Utilities">
      <UniqueIdentifier>{18098c72-9f39-4bad-9739-30d38eb9df2c}</UniqueIdentifier>
    </Filter>
    <Filter Include="Events">
      <UniqueIdentifier>{65b6200e-3dc6-4de5-b274-0fda2a2441b8}</UniqueIdentifier>
    </Filter>
    <Filter Include="Library">
      <UniqueIdentifier>{19ea8777-aa6e-4414-b75f-4c07e8a9835a}</UniqueIdentifier>
    </Filter>
    <Filter Include="Components">
      <UniqueIdentifier>{82a18776-24d7-4b7a-80bf-87cf52d26c7a}</UniqueIdentifier>
    </Filter>
  </ItemGroup>
</Project>